
Microsoft Visual Studio Solution File, Format Version 12.00
# Visual Studio 15
VisualStudioVersion = 15.0.28010.2036
MinimumVisualStudioVersion = 10.0.40219.1
Project("{FAE04EC0-301F-11D3-BF4B-00C04F79EFBC}") = "edutainment-station", "edutainment-station\edutainment-station.csproj", "{2A3B4B36-64DF-43C2-A2C6-69FDCEF008EC}"
EndProject
Project("{FAE04EC0-301F-11D3-BF4B-00C04F79EFBC}") = "EdutainmentStation", "EdutainmentStation\EdutainmentStation.csproj", "{D2C5CAAE-22FC-4737-AF86-52C6216F6415}"
EndProject
Global
	GlobalSection(SolutionConfigurationPlatforms) = preSolution
		.Net Native|ARM = .Net Native|ARM
		.Net Native|ARM64 = .Net Native|ARM64
		.Net Native|x64 = .Net Native|x64
		.Net Native|x86 = .Net Native|x86
		Debug|ARM = Debug|ARM
		Debug|ARM64 = Debug|ARM64
		Debug|x64 = Debug|x64
		Debug|x86 = Debug|x86
		Release|ARM = Release|ARM
		Release|ARM64 = Release|ARM64
		Release|x64 = Release|x64
		Release|x86 = Release|x86
	EndGlobalSection
	GlobalSection(ProjectConfigurationPlatforms) = postSolution
		{2A3B4B36-64DF-43C2-A2C6-69FDCEF008EC}..Net Native|ARM.ActiveCfg = .Net Native|ARM
		{2A3B4B36-64DF-43C2-A2C6-69FDCEF008EC}..Net Native|ARM.Build.0 = .Net Native|ARM
		{2A3B4B36-64DF-43C2-A2C6-69FDCEF008EC}..Net Native|ARM.Deploy.0 = .Net Native|ARM
		{2A3B4B36-64DF-43C2-A2C6-69FDCEF008EC}..Net Native|ARM64.ActiveCfg = .Net Native|ARM64
		{2A3B4B36-64DF-43C2-A2C6-69FDCEF008EC}..Net Native|ARM64.Build.0 = .Net Native|ARM64
		{2A3B4B36-64DF-43C2-A2C6-69FDCEF008EC}..Net Native|ARM64.Deploy.0 = .Net Native|ARM64
		{2A3B4B36-64DF-43C2-A2C6-69FDCEF008EC}..Net Native|x64.ActiveCfg = .Net Native|x64
		{2A3B4B36-64DF-43C2-A2C6-69FDCEF008EC}..Net Native|x64.Build.0 = .Net Native|x64
		{2A3B4B36-64DF-43C2-A2C6-69FDCEF008EC}..Net Native|x64.Deploy.0 = .Net Native|x64
		{2A3B4B36-64DF-43C2-A2C6-69FDCEF008EC}..Net Native|x86.ActiveCfg = .Net Native|x86
		{2A3B4B36-64DF-43C2-A2C6-69FDCEF008EC}..Net Native|x86.Build.0 = .Net Native|x86
		{2A3B4B36-64DF-43C2-A2C6-69FDCEF008EC}..Net Native|x86.Deploy.0 = .Net Native|x86
		{2A3B4B36-64DF-43C2-A2C6-69FDCEF008EC}.Debug|ARM.ActiveCfg = .Net Native|ARM
		{2A3B4B36-64DF-43C2-A2C6-69FDCEF008EC}.Debug|ARM64.ActiveCfg = .Net Native|ARM64
		{2A3B4B36-64DF-43C2-A2C6-69FDCEF008EC}.Debug|x64.ActiveCfg = .Net Native|x64
		{2A3B4B36-64DF-43C2-A2C6-69FDCEF008EC}.Debug|x86.ActiveCfg = .Net Native|x86
		{2A3B4B36-64DF-43C2-A2C6-69FDCEF008EC}.Release|ARM.ActiveCfg = .Net Native|ARM
		{2A3B4B36-64DF-43C2-A2C6-69FDCEF008EC}.Release|ARM64.ActiveCfg = .Net Native|ARM64
		{2A3B4B36-64DF-43C2-A2C6-69FDCEF008EC}.Release|x64.ActiveCfg = .Net Native|x64
		{2A3B4B36-64DF-43C2-A2C6-69FDCEF008EC}.Release|x86.ActiveCfg = .Net Native|x86
		{D2C5CAAE-22FC-4737-AF86-52C6216F6415}..Net Native|ARM.ActiveCfg = Release|ARM
		{D2C5CAAE-22FC-4737-AF86-52C6216F6415}..Net Native|ARM.Build.0 = Release|ARM
		{D2C5CAAE-22FC-4737-AF86-52C6216F6415}..Net Native|ARM.Deploy.0 = Release|ARM
		{D2C5CAAE-22FC-4737-AF86-52C6216F6415}..Net Native|ARM64.ActiveCfg = Release|x64
		{D2C5CAAE-22FC-4737-AF86-52C6216F6415}..Net Native|ARM64.Build.0 = Release|x64
		{D2C5CAAE-22FC-4737-AF86-52C6216F6415}..Net Native|ARM64.Deploy.0 = Release|x64
		{D2C5CAAE-22FC-4737-AF86-52C6216F6415}..Net Native|x64.ActiveCfg = Release|x64
		{D2C5CAAE-22FC-4737-AF86-52C6216F6415}..Net Native|x64.Build.0 = Release|x64
		{D2C5CAAE-22FC-4737-AF86-52C6216F6415}..Net Native|x64.Deploy.0 = Release|x64
		{D2C5CAAE-22FC-4737-AF86-52C6216F6415}..Net Native|x86.ActiveCfg = Release|x86
		{D2C5CAAE-22FC-4737-AF86-52C6216F6415}..Net Native|x86.Build.0 = Release|x86
		{D2C5CAAE-22FC-4737-AF86-52C6216F6415}..Net Native|x86.Deploy.0 = Release|x86
		{D2C5CAAE-22FC-4737-AF86-52C6216F6415}.Debug|ARM.ActiveCfg = Debug|ARM
		{D2C5CAAE-22FC-4737-AF86-52C6216F6415}.Debug|ARM.Build.0 = Debug|ARM
		{D2C5CAAE-22FC-4737-AF86-52C6216F6415}.Debug|ARM.Deploy.0 = Debug|ARM
		{D2C5CAAE-22FC-4737-AF86-52C6216F6415}.Debug|ARM64.ActiveCfg = Debug|x86
		{D2C5CAAE-22FC-4737-AF86-52C6216F6415}.Debug|x64.ActiveCfg = Debug|x64
		{D2C5CAAE-22FC-4737-AF86-52C6216F6415}.Debug|x64.Build.0 = Debug|x64
		{D2C5CAAE-22FC-4737-AF86-52C6216F6415}.Debug|x64.Deploy.0 = Debug|x64
		{D2C5CAAE-22FC-4737-AF86-52C6216F6415}.Debug|x86.ActiveCfg = Debug|x86
		{D2C5CAAE-22FC-4737-AF86-52C6216F6415}.Debug|x86.Build.0 = Debug|x86
		{D2C5CAAE-22FC-4737-AF86-52C6216F6415}.Debug|x86.Deploy.0 = Debug|x86
		{D2C5CAAE-22FC-4737-AF86-52C6216F6415}.Release|ARM.ActiveCfg = Release|ARM
		{D2C5CAAE-22FC-4737-AF86-52C6216F6415}.Release|ARM.Build.0 = Release|ARM
		{D2C5CAAE-22FC-4737-AF86-52C6216F6415}.Release|ARM.Deploy.0 = Release|ARM
		{D2C5CAAE-22FC-4737-AF86-52C6216F6415}.Release|ARM64.ActiveCfg = Release|x86
		{D2C5CAAE-22FC-4737-AF86-52C6216F6415}.Release|x64.ActiveCfg = Release|x64
		{D2C5CAAE-22FC-4737-AF86-52C6216F6415}.Release|x64.Build.0 = Release|x64
		{D2C5CAAE-22FC-4737-AF86-52C6216F6415}.Release|x64.Deploy.0 = Release|x64
		{D2C5CAAE-22FC-4737-AF86-52C6216F6415}.Release|x86.ActiveCfg = Release|x86
		{D2C5CAAE-22FC-4737-AF86-52C6216F6415}.Release|x86.Build.0 = Release|x86
		{D2C5CAAE-22FC-4737-AF86-52C6216F6415}.Release|x86.Deploy.0 = Release|x86
	EndGlobalSection
	GlobalSection(SolutionProperties) = preSolution
		HideSolutionNode = FALSE
	EndGlobalSection
	GlobalSection(ExtensibilityGlobals) = postSolution
		SolutionGuid = {CEFD63EA-85BF-4695-8EB0-6A8705432508}
	EndGlobalSection
EndGlobal
