
Microsoft Visual Studio Solution File, Format Version 12.00
# Visual Studio 15
VisualStudioVersion = 15.0.28010.2036
MinimumVisualStudioVersion = 10.0.40219.1
Project("{FAE04EC0-301F-11D3-BF4B-00C04F79EFBC}") = "NFCBusyBox", "NFCBusyBox\NFCBusyBox.csproj", "{1D3AB739-55F2-40CE-AA91-091316A8FA55}"
EndProject
Global
	GlobalSection(SolutionConfigurationPlatforms) = preSolution
		.Net Native|ARM = .Net Native|ARM
		.Net Native|ARM64 = .Net Native|ARM64
		.Net Native|x64 = .Net Native|x64
		.Net Native|x86 = .Net Native|x86
		Debug|ARM = Debug|ARM
		Debug|ARM64 = Debug|ARM64
		Debug|x64 = Debug|x64
		Debug|x86 = Debug|x86
		Release|ARM = Release|ARM
		Release|ARM64 = Release|ARM64
		Release|x64 = Release|x64
		Release|x86 = Release|x86
	EndGlobalSection
	GlobalSection(ProjectConfigurationPlatforms) = postSolution
		{1D3AB739-55F2-40CE-AA91-091316A8FA55}..Net Native|ARM.ActiveCfg = Release|ARM
		{1D3AB739-55F2-40CE-AA91-091316A8FA55}..Net Native|ARM.Build.0 = Release|ARM
		{1D3AB739-55F2-40CE-AA91-091316A8FA55}..Net Native|ARM.Deploy.0 = Release|ARM
		{1D3AB739-55F2-40CE-AA91-091316A8FA55}..Net Native|ARM64.ActiveCfg = Release|ARM
		{1D3AB739-55F2-40CE-AA91-091316A8FA55}..Net Native|ARM64.Build.0 = Release|ARM
		{1D3AB739-55F2-40CE-AA91-091316A8FA55}..Net Native|ARM64.Deploy.0 = Release|ARM
		{1D3AB739-55F2-40CE-AA91-091316A8FA55}..Net Native|x64.ActiveCfg = Release|x64
		{1D3AB739-55F2-40CE-AA91-091316A8FA55}..Net Native|x64.Build.0 = Release|x64
		{1D3AB739-55F2-40CE-AA91-091316A8FA55}..Net Native|x64.Deploy.0 = Release|x64
		{1D3AB739-55F2-40CE-AA91-091316A8FA55}..Net Native|x86.ActiveCfg = Release|x86
		{1D3AB739-55F2-40CE-AA91-091316A8FA55}..Net Native|x86.Build.0 = Release|x86
		{1D3AB739-55F2-40CE-AA91-091316A8FA55}..Net Native|x86.Deploy.0 = Release|x86
		{1D3AB739-55F2-40CE-AA91-091316A8FA55}.Debug|ARM.ActiveCfg = Debug|ARM
		{1D3AB739-55F2-40CE-AA91-091316A8FA55}.Debug|ARM.Build.0 = Debug|ARM
		{1D3AB739-55F2-40CE-AA91-091316A8FA55}.Debug|ARM.Deploy.0 = Debug|ARM
		{1D3AB739-55F2-40CE-AA91-091316A8FA55}.Debug|ARM64.ActiveCfg = Debug|x86
		{1D3AB739-55F2-40CE-AA91-091316A8FA55}.Debug|x64.ActiveCfg = Debug|x64
		{1D3AB739-55F2-40CE-AA91-091316A8FA55}.Debug|x64.Build.0 = Debug|x64
		{1D3AB739-55F2-40CE-AA91-091316A8FA55}.Debug|x64.Deploy.0 = Debug|x64
		{1D3AB739-55F2-40CE-AA91-091316A8FA55}.Debug|x86.ActiveCfg = Debug|x86
		{1D3AB739-55F2-40CE-AA91-091316A8FA55}.Debug|x86.Build.0 = Debug|x86
		{1D3AB739-55F2-40CE-AA91-091316A8FA55}.Debug|x86.Deploy.0 = Debug|x86
		{1D3AB739-55F2-40CE-AA91-091316A8FA55}.Release|ARM.ActiveCfg = Release|ARM
		{1D3AB739-55F2-40CE-AA91-091316A8FA55}.Release|ARM.Build.0 = Release|ARM
		{1D3AB739-55F2-40CE-AA91-091316A8FA55}.Release|ARM.Deploy.0 = Release|ARM
		{1D3AB739-55F2-40CE-AA91-091316A8FA55}.Release|ARM64.ActiveCfg = Release|x86
		{1D3AB739-55F2-40CE-AA91-091316A8FA55}.Release|x64.ActiveCfg = Release|x64
		{1D3AB739-55F2-40CE-AA91-091316A8FA55}.Release|x64.Build.0 = Release|x64
		{1D3AB739-55F2-40CE-AA91-091316A8FA55}.Release|x64.Deploy.0 = Release|x64
		{1D3AB739-55F2-40CE-AA91-091316A8FA55}.Release|x86.ActiveCfg = Release|x86
		{1D3AB739-55F2-40CE-AA91-091316A8FA55}.Release|x86.Build.0 = Release|x86
		{1D3AB739-55F2-40CE-AA91-091316A8FA55}.Release|x86.Deploy.0 = Release|x86
	EndGlobalSection
	GlobalSection(SolutionProperties) = preSolution
		HideSolutionNode = FALSE
	EndGlobalSection
	GlobalSection(ExtensibilityGlobals) = postSolution
		SolutionGuid = {CEFD63EA-85BF-4695-8EB0-6A8705432508}
	EndGlobalSection
EndGlobal
